schema: '2.0'
stages:
  train:
    cmd: python3 src/train.py
    deps:
    - path: data/FMA
      md5: 516070cc4eac5de0c0527e787c4e374c.dir
      size: 636715666
      nfiles: 660
    - path: src/train.py
      md5: 2ab99cce8920afcafd6e672269d262af
      size: 3751
    params:
      params.yaml:
        train:
          batch_size: 16
          max_epochs: 1
          val_split: 0.2
          nb_workers: 0
    outs:
    - path: model.ckpt
      md5: 3857d64c4fa9cc6c6a28b1bd4825ae75
      size: 440699551
  evaluate:
    cmd: python3 src/evaluate.py
    deps:
    - path: data/GTZAN
      md5: 1a38fd66b26a08c25dc79410dea35709.dir
      size: 945425411
      nfiles: 715
    - path: model.ckpt
      md5: 3857d64c4fa9cc6c6a28b1bd4825ae75
      size: 440699551
    - path: src/evaluate.py
      md5: 4850777dc740933b85f261cc540982c0
      size: 4138
    params:
      params.yaml:
        evaluate:
          batch_size: 1
          nb_workers: 0
    outs:
    - path: dvc_logs/metrics.json
      md5: fc7ce9a75739d11c2a5b56a5315be864
      size: 38
    - path: dvc_logs/plots/metrics
      md5: dd6405f5b83797430f538c3f6e0413d4.dir
      size: 35
      nfiles: 1
    - path: dvc_logs/plots/sklearn/cm.json
      md5: cffe088060668127cd1bf32c93f58a48
      size: 85356
    - path: dvc_logs/report.html
      md5: 6849ff16294d4f0496aac15a3c96db65
      size: 53503
