schema: '2.0'
stages:
  train:
    cmd: python3 src/train.py
    deps:
    - path: data
      md5: cdfd7a25d438086b4d01741bd6811b9e.dir
      size: 7511348338
      nfiles: 7562
    - path: src/model/audio_cnn.py
      md5: c841dfbcba4e547010c06f3f54c25a58
      size: 4674
    - path: src/model/audio_utils.py
      md5: 8735c99967840f59c5ff35dbac222b58
      size: 4784
    - path: src/train.py
      md5: a0d9071f2a532af6fe0d48f0ca9830e7
      size: 4459
    params:
      params.yaml:
        train:
          batch_size: 32
          init_lr: 0.001
          max_epochs: 2
          val_split: 0.2
          nb_workers: 0
    outs:
    - path: src/model/id_to_label.json
      md5: c8a48765b8ff499b9bf329eb24a27eeb
      size: 211
    - path: src/model/model.ckpt
      md5: 619a6705ea106121085edaf794323aef
      size: 337382
  evaluate:
    cmd: python3 src/evaluate.py
    deps:
    - path: data
      md5: cdfd7a25d438086b4d01741bd6811b9e.dir
      size: 7511348338
      nfiles: 7562
    - path: src/evaluate.py
      md5: 5fbd2a3f65f3df9eea0d9fa9244fe645
      size: 3996
    - path: src/model/model.ckpt
      md5: 619a6705ea106121085edaf794323aef
      size: 337382
    params:
      params.yaml:
        evaluate:
          batch_size: 1
          nb_workers: 0
    outs:
    - path: dvc_logs/metrics.json
      md5: 0bc2690ea73cf3a5afd3d7956a177f0c
      size: 39
    - path: dvc_logs/plots/metrics
      md5: 6c0e292f27e027946c819cd2afac0116.dir
      size: 36
      nfiles: 1
    - path: dvc_logs/plots/sklearn/cm.json
      md5: 07e54541984024c8bd08a6b0adc6622d
      size: 45270
    - path: dvc_logs/report.html
      md5: 83dc6cb2191c0bbb0bda644e900de1bd
      size: 29818
