schema: '2.0'
stages:
  train:
    cmd: python3 src/train.py
    deps:
    - path: data
      md5: cdfd7a25d438086b4d01741bd6811b9e.dir
      size: 7511348338
      nfiles: 7562
    - path: src/model/audio_cnn.py
      md5: c841dfbcba4e547010c06f3f54c25a58
      size: 4816
    - path: src/model/audio_utils.py
      md5: 8735c99967840f59c5ff35dbac222b58
      size: 4914
    - path: src/train.py
      md5: 2872768ee001c5a9a18ad9e9f98d5cb5
      size: 3899
    params:
      params.yaml:
        train:
          batch_size: 16
<<<<<<< HEAD
          max_epochs: 2
=======
          init_lr: 0.0001
          max_epochs: 20
>>>>>>> origin/develop
          val_split: 0.2
          nb_workers: 20
    outs:
<<<<<<< HEAD
    - path: model.ckpt
      md5: 2901068bf031dee7d51aa1d9d13bbbd1
      size: 440699551
  evaluate:
    cmd: python3 src/evaluate.py
    deps:
    - path: data/GTZAN
      md5: 1a38fd66b26a08c25dc79410dea35709.dir
      size: 945425411
      nfiles: 715
    - path: model.ckpt
      md5: 2901068bf031dee7d51aa1d9d13bbbd1
      size: 440699551
=======
    - path: src/model/id_to_label.json
      md5: c8a48765b8ff499b9bf329eb24a27eeb
      size: 211
      isexec: true
    - path: src/model/model.ckpt
      md5: 4429fee875c779c6a73cf6d599a3bc97
      size: 338790
      isexec: true
  evaluate:
    cmd: python3 src/evaluate.py
    deps:
    - path: data
      md5: cdfd7a25d438086b4d01741bd6811b9e.dir
      size: 7511348338
      nfiles: 7562
>>>>>>> origin/develop
    - path: src/evaluate.py
      md5: 5fbd2a3f65f3df9eea0d9fa9244fe645
      size: 4113
    - path: src/model/model.ckpt
      md5: 4429fee875c779c6a73cf6d599a3bc97
      size: 338790
    params:
      params.yaml:
        evaluate:
          batch_size: 1
          nb_workers: 20
    outs:
    - path: dvc_logs/metrics.json
<<<<<<< HEAD
      md5: 9d3148ce88663563c09d63797da147bb
      size: 38
    - path: dvc_logs/plots/metrics
      md5: 51b303c122873c730994f569a5c50300.dir
      size: 35
      nfiles: 1
    - path: dvc_logs/plots/sklearn/cm.json
      md5: 80793718fbf65e1d13097ded7e26d8ec
      size: 85485
    - path: dvc_logs/report.html
      md5: b2407daf5024ce81f9e5cae7c45cf453
      size: 53632
=======
      md5: c9e6cbcbc2d197a80971efb3515c76be
      size: 38
      isexec: true
    - path: dvc_logs/plots/metrics
      md5: a4eb9702d69922cc2192e692b79c34ad.dir
      size: 35
      nfiles: 1
    - path: dvc_logs/plots/sklearn/cm.json
      md5: 44ba3cf3c5a5d3aded8196d185fb4c58
      size: 45200
      isexec: true
    - path: dvc_logs/report.html
      md5: 9602f1e6fefd48d90bf02b17f6153987
      size: 30359
      isexec: true
>>>>>>> origin/develop
